
Microsoft Visual Studio Solution File, Format Version 12.00
# Visual Studio 14
VisualStudioVersion = 14.0.25123.0
MinimumVisualStudioVersion = 10.0.40219.1
Project("{FAE04EC0-301F-11D3-BF4B-00C04F79EFBC}") = "GarageSimulator", "GarageSimulator\GarageSimulator.csproj", "{E8C7A226-B453-41DE-9FD2-EBDC34089112}"
EndProject
Project("{FAE04EC0-301F-11D3-BF4B-00C04F79EFBC}") = "GarageJobs", "GarageJobs\GarageJobs.csproj", "{C9F60F26-06FF-4B5B-BA5C-58B4A4ACF7BA}"
EndProject
Project("{FAE04EC0-301F-11D3-BF4B-00C04F79EFBC}") = "GarageCars", "GarageCars\GarageCars.csproj", "{34F8F5A3-8014-4593-BEB6-5A018705E25E}"
EndProject
Global
	GlobalSection(SolutionConfigurationPlatforms) = preSolution
		Debug|Any CPU = Debug|Any CPU
		Release|Any CPU = Release|Any CPU
	EndGlobalSection
	GlobalSection(ProjectConfigurationPlatforms) = postSolution
		{E8C7A226-B453-41DE-9FD2-EBDC34089112}.Debug|Any CPU.ActiveCfg = Debug|Any CPU
		{E8C7A226-B453-41DE-9FD2-EBDC34089112}.Debug|Any CPU.Build.0 = Debug|Any CPU
		{E8C7A226-B453-41DE-9FD2-EBDC34089112}.Release|Any CPU.ActiveCfg = Release|Any CPU
		{E8C7A226-B453-41DE-9FD2-EBDC34089112}.Release|Any CPU.Build.0 = Release|Any CPU
		{C9F60F26-06FF-4B5B-BA5C-58B4A4ACF7BA}.Debug|Any CPU.ActiveCfg = Debug|Any CPU
		{C9F60F26-06FF-4B5B-BA5C-58B4A4ACF7BA}.Debug|Any CPU.Build.0 = Debug|Any CPU
		{C9F60F26-06FF-4B5B-BA5C-58B4A4ACF7BA}.Release|Any CPU.ActiveCfg = Release|Any CPU
		{C9F60F26-06FF-4B5B-BA5C-58B4A4ACF7BA}.Release|Any CPU.Build.0 = Release|Any CPU
		{34F8F5A3-8014-4593-BEB6-5A018705E25E}.Debug|Any CPU.ActiveCfg = Debug|Any CPU
		{34F8F5A3-8014-4593-BEB6-5A018705E25E}.Debug|Any CPU.Build.0 = Debug|Any CPU
		{34F8F5A3-8014-4593-BEB6-5A018705E25E}.Release|Any CPU.ActiveCfg = Release|Any CPU
		{34F8F5A3-8014-4593-BEB6-5A018705E25E}.Release|Any CPU.Build.0 = Release|Any CPU
	EndGlobalSection
	GlobalSection(SolutionProperties) = preSolution
		HideSolutionNode = FALSE
	EndGlobalSection
EndGlobal
